PODS:
  - FBAllocationTracker (0.1.5)
  - FBMemoryProfiler (0.1.3):
    - FBAllocationTracker (~> 0.1)
    - FBRetainCycleDetector (~> 0.1)
  - FBRetainCycleDetector (0.1.3)
  - MJExtension (3.0.13)
  - ReactiveCocoa (2.5):
    - ReactiveCocoa/UI (= 2.5)
  - ReactiveCocoa/Core (2.5):
    - ReactiveCocoa/no-arc
  - ReactiveCocoa/no-arc (2.5)
  - ReactiveCocoa/UI (2.5):
    - ReactiveCocoa/Core

DEPENDENCIES:
  - FBMemoryProfiler
  - MJExtension (~> 3.0.10)
  - ReactiveCocoa (= 2.5)

SPEC CHECKSUMS:
  FBAllocationTracker: dfdca3f71aceca6a85e95e3c6ec76a9785eba0f1
  FBMemoryProfiler: 623fc5f8a61f7d02ec75c87e3b97c90f621d8b02
  FBRetainCycleDetector: f0c7b290bf48ae77f6ae060843ce34ae341781eb
  MJExtension: 5932755f451458eefa24239358817f8d291240c7
  ReactiveCocoa: e2db045570aa97c695e7aa97c2bcab222ae51f4a

PODFILE CHECKSUM: ea1878f727d097da162207aed9343c43037e9468

COCOAPODS: 1.1.1
